
Microsoft Visual Studio Solution File, Format Version 12.00
# Visual Studio Version 16
VisualStudioVersion = 16.0.31911.196
MinimumVisualStudioVersion = 10.0.40219.1
Project("{8BC9CEB8-8B4A-11D0-8D11-00A0C91BC942}") = "编译原理作业_111212王晶鑫", "编译原理作业_111212王晶鑫\编译原理作业_111212王晶鑫.vcxproj", "{EC74BD16-2DCA-4125-8730-29AB56D8C6A5}"
EndProject
Global
	GlobalSection(SolutionConfigurationPlatforms) = preSolution
		Debug|x64 = Debug|x64
		Debug|x86 = Debug|x86
		Release|x64 = Release|x64
		Release|x86 = Release|x86
	EndGlobalSection
	GlobalSection(ProjectConfigurationPlatforms) = postSolution
		{EC74BD16-2DCA-4125-8730-29AB56D8C6A5}.Debug|x64.ActiveCfg = Debug|x64
		{EC74BD16-2DCA-4125-8730-29AB56D8C6A5}.Debug|x64.Build.0 = Debug|x64
		{EC74BD16-2DCA-4125-8730-29AB56D8C6A5}.Debug|x86.ActiveCfg = Debug|Win32
		{EC74BD16-2DCA-4125-8730-29AB56D8C6A5}.Debug|x86.Build.0 = Debug|Win32
		{EC74BD16-2DCA-4125-8730-29AB56D8C6A5}.Release|x64.ActiveCfg = Release|x64
		{EC74BD16-2DCA-4125-8730-29AB56D8C6A5}.Release|x64.Build.0 = Release|x64
		{EC74BD16-2DCA-4125-8730-29AB56D8C6A5}.Release|x86.ActiveCfg = Release|Win32
		{EC74BD16-2DCA-4125-8730-29AB56D8C6A5}.Release|x86.Build.0 = Release|Win32
	EndGlobalSection
	GlobalSection(SolutionProperties) = preSolution
		HideSolutionNode = FALSE
	EndGlobalSection
	GlobalSection(ExtensibilityGlobals) = postSolution
		SolutionGuid = {0BE7299B-FA64-46EB-9822-8F6B95B51800}
	EndGlobalSection
EndGlobal
